
Microsoft Visual Studio Solution File, Format Version 12.00
# Visual Studio Version 17
VisualStudioVersion = 17.14.36127.28 d17.14
MinimumVisualStudioVersion = 10.0.40219.1
Project("{FAE04EC0-301F-11D3-BF4B-00C04F79EFBC}") = "ShopVerse.API", "ShopVerse.API\ShopVerse.API.csproj", "{95620A5B-224A-4BFF-951E-EF035CA244FD}"
EndProject
Project("{FAE04EC0-301F-11D3-BF4B-00C04F79EFBC}") = "ShopVerse.Core", "ShopVerse.Core\ShopVerse.Core.csproj", "{2E880A41-4F99-4B93-BBAC-5F795095A725}"
EndProject
Project("{FAE04EC0-301F-11D3-BF4B-00C04F79EFBC}") = "ShopVerse.Repository", "ShopVerse.Repository\ShopVerse.Repository.csproj", "{606FD35E-76EA-49DB-BEAD-71B95E8CDD70}"
EndProject
Project("{FAE04EC0-301F-11D3-BF4B-00C04F79EFBC}") = "ShopVerse.Services", "ShopVerse.Services\ShopVerse.Services.csproj", "{C4D54458-A366-4917-8B5F-03C9BE16F4B2}"
EndProject
Global
	GlobalSection(SolutionConfigurationPlatforms) = preSolution
		Debug|Any CPU = Debug|Any CPU
		Release|Any CPU = Release|Any CPU
	EndGlobalSection
	GlobalSection(ProjectConfigurationPlatforms) = postSolution
		{95620A5B-224A-4BFF-951E-EF035CA244FD}.Debug|Any CPU.ActiveCfg = Debug|Any CPU
		{95620A5B-224A-4BFF-951E-EF035CA244FD}.Debug|Any CPU.Build.0 = Debug|Any CPU
		{95620A5B-224A-4BFF-951E-EF035CA244FD}.Release|Any CPU.ActiveCfg = Release|Any CPU
		{95620A5B-224A-4BFF-951E-EF035CA244FD}.Release|Any CPU.Build.0 = Release|Any CPU
		{2E880A41-4F99-4B93-BBAC-5F795095A725}.Debug|Any CPU.ActiveCfg = Debug|Any CPU
		{2E880A41-4F99-4B93-BBAC-5F795095A725}.Debug|Any CPU.Build.0 = Debug|Any CPU
		{2E880A41-4F99-4B93-BBAC-5F795095A725}.Release|Any CPU.ActiveCfg = Release|Any CPU
		{2E880A41-4F99-4B93-BBAC-5F795095A725}.Release|Any CPU.Build.0 = Release|Any CPU
		{606FD35E-76EA-49DB-BEAD-71B95E8CDD70}.Debug|Any CPU.ActiveCfg = Debug|Any CPU
		{606FD35E-76EA-49DB-BEAD-71B95E8CDD70}.Debug|Any CPU.Build.0 = Debug|Any CPU
		{606FD35E-76EA-49DB-BEAD-71B95E8CDD70}.Release|Any CPU.ActiveCfg = Release|Any CPU
		{606FD35E-76EA-49DB-BEAD-71B95E8CDD70}.Release|Any CPU.Build.0 = Release|Any CPU
		{C4D54458-A366-4917-8B5F-03C9BE16F4B2}.Debug|Any CPU.ActiveCfg = Debug|Any CPU
		{C4D54458-A366-4917-8B5F-03C9BE16F4B2}.Debug|Any CPU.Build.0 = Debug|Any CPU
		{C4D54458-A366-4917-8B5F-03C9BE16F4B2}.Release|Any CPU.ActiveCfg = Release|Any CPU
		{C4D54458-A366-4917-8B5F-03C9BE16F4B2}.Release|Any CPU.Build.0 = Release|Any CPU
	EndGlobalSection
	GlobalSection(SolutionProperties) = preSolution
		HideSolutionNode = FALSE
	EndGlobalSection
	GlobalSection(ExtensibilityGlobals) = postSolution
		SolutionGuid = {6A096E4D-9CB1-4791-BE0E-79AA72907B9C}
	EndGlobalSection
EndGlobal
